
Microsoft Visual Studio Solution File, Format Version 12.00
# Visual Studio 15
VisualStudioVersion = 15.0.26730.12
MinimumVisualStudioVersion = 10.0.40219.1
Project("{FAE04EC0-301F-11D3-BF4B-00C04F79EFBC}") = "ScannerService", "ScannerService\ScannerService.csproj", "{204EB443-17A7-4261-AAA6-D1C389772F5B}"
	ProjectSection(ProjectDependencies) = postProject
		{D7A3B058-FE2E-47A7-BA09-16B08FC46458} = {D7A3B058-FE2E-47A7-BA09-16B08FC46458}
	EndProjectSection
EndProject
Project("{FAE04EC0-301F-11D3-BF4B-00C04F79EFBC}") = "UserScanner", "UserScanner\UserScanner.csproj", "{D7A3B058-FE2E-47A7-BA09-16B08FC46458}"
EndProject
Global
	GlobalSection(SolutionConfigurationPlatforms) = preSolution
		Debug|Any CPU = Debug|Any CPU
		Release|Any CPU = Release|Any CPU
	EndGlobalSection
	GlobalSection(ProjectConfigurationPlatforms) = postSolution
		{204EB443-17A7-4261-AAA6-D1C389772F5B}.Debug|Any CPU.ActiveCfg = Debug|Any CPU
		{204EB443-17A7-4261-AAA6-D1C389772F5B}.Debug|Any CPU.Build.0 = Debug|Any CPU
		{204EB443-17A7-4261-AAA6-D1C389772F5B}.Release|Any CPU.ActiveCfg = Release|Any CPU
		{204EB443-17A7-4261-AAA6-D1C389772F5B}.Release|Any CPU.Build.0 = Release|Any CPU
		{D7A3B058-FE2E-47A7-BA09-16B08FC46458}.Debug|Any CPU.ActiveCfg = Debug|Any CPU
		{D7A3B058-FE2E-47A7-BA09-16B08FC46458}.Debug|Any CPU.Build.0 = Debug|Any CPU
		{D7A3B058-FE2E-47A7-BA09-16B08FC46458}.Release|Any CPU.ActiveCfg = Release|Any CPU
		{D7A3B058-FE2E-47A7-BA09-16B08FC46458}.Release|Any CPU.Build.0 = Release|Any CPU
	EndGlobalSection
	GlobalSection(SolutionProperties) = preSolution
		HideSolutionNode = FALSE
	EndGlobalSection
	GlobalSection(ExtensibilityGlobals) = postSolution
		SolutionGuid = {EED3F5F1-B099-4603-AA27-1F18536B2667}
	EndGlobalSection
EndGlobal
